
Microsoft Visual Studio Solution File, Format Version 12.00
# Visual Studio Version 17
VisualStudioVersion = 17.5.33502.453
MinimumVisualStudioVersion = 10.0.40219.1
Project("{9A19103F-16F7-4668-BE54-9A1E7A4F7556}") = "HackTheJokesOut", "HackTheJokesOut\HackTheJokesOut.csproj", "{CCD70089-1DBE-4357-8EFF-DFCC37E296D3}"
EndProject
Global
	GlobalSection(SolutionConfigurationPlatforms) = preSolution
		Debug|Any CPU = Debug|Any CPU
		Release|Any CPU = Release|Any CPU
	EndGlobalSection
	GlobalSection(ProjectConfigurationPlatforms) = postSolution
		{CCD70089-1DBE-4357-8EFF-DFCC37E296D3}.Debug|Any CPU.ActiveCfg = Debug|Any CPU
		{CCD70089-1DBE-4357-8EFF-DFCC37E296D3}.Debug|Any CPU.Build.0 = Debug|Any CPU
		{CCD70089-1DBE-4357-8EFF-DFCC37E296D3}.Debug|Any CPU.Deploy.0 = Debug|Any CPU
		{CCD70089-1DBE-4357-8EFF-DFCC37E296D3}.Release|Any CPU.ActiveCfg = Release|Any CPU
		{CCD70089-1DBE-4357-8EFF-DFCC37E296D3}.Release|Any CPU.Build.0 = Release|Any CPU
		{CCD70089-1DBE-4357-8EFF-DFCC37E296D3}.Release|Any CPU.Deploy.0 = Release|Any CPU
	EndGlobalSection
	GlobalSection(SolutionProperties) = preSolution
		HideSolutionNode = FALSE
	EndGlobalSection
	GlobalSection(ExtensibilityGlobals) = postSolution
		SolutionGuid = {7ECF24CE-0E13-4A54-85E7-09A7E2FD4A5B}
	EndGlobalSection
EndGlobal
